
Microsoft Visual Studio Solution File, Format Version 12.00
# Visual Studio Version 17
VisualStudioVersion = 17.2.32427.441
MinimumVisualStudioVersion = 10.0.40219.1
Project("{9A19103F-16F7-4668-BE54-9A1E7A4F7556}") = "Extensions.AwsFeatureFlags", "src\Extensions.AwsFeatureFlags\Extensions.AwsFeatureFlags.csproj", "{36F26F59-FC10-4B50-B912-90BFC0FC0682}"
EndProject
Project("{FAE04EC0-301F-11D3-BF4B-00C04F79EFBC}") = "Example", "src\Example\Example.csproj", "{A4E1DAB0-2139-4D34-B148-E0EEA7E8066A}"
EndProject
Global
	GlobalSection(SolutionConfigurationPlatforms) = preSolution
		Debug|Any CPU = Debug|Any CPU
		Release|Any CPU = Release|Any CPU
	EndGlobalSection
	GlobalSection(ProjectConfigurationPlatforms) = postSolution
		{36F26F59-FC10-4B50-B912-90BFC0FC0682}.Debug|Any CPU.ActiveCfg = Debug|Any CPU
		{36F26F59-FC10-4B50-B912-90BFC0FC0682}.Debug|Any CPU.Build.0 = Debug|Any CPU
		{36F26F59-FC10-4B50-B912-90BFC0FC0682}.Release|Any CPU.ActiveCfg = Release|Any CPU
		{36F26F59-FC10-4B50-B912-90BFC0FC0682}.Release|Any CPU.Build.0 = Release|Any CPU
		{A4E1DAB0-2139-4D34-B148-E0EEA7E8066A}.Debug|Any CPU.ActiveCfg = Debug|Any CPU
		{A4E1DAB0-2139-4D34-B148-E0EEA7E8066A}.Debug|Any CPU.Build.0 = Debug|Any CPU
		{A4E1DAB0-2139-4D34-B148-E0EEA7E8066A}.Release|Any CPU.ActiveCfg = Release|Any CPU
		{A4E1DAB0-2139-4D34-B148-E0EEA7E8066A}.Release|Any CPU.Build.0 = Release|Any CPU
	EndGlobalSection
	GlobalSection(SolutionProperties) = preSolution
		HideSolutionNode = FALSE
	EndGlobalSection
	GlobalSection(ExtensibilityGlobals) = postSolution
		SolutionGuid = {CC772AEA-9620-4501-B7FE-BE7B0012E044}
	EndGlobalSection
EndGlobal
